#MicroXplorer Configuration settings - do not modify
ADC1.Channel-0\#ChannelRegularConversion=ADC_CHANNEL_0
ADC1.IPParameters=Rank-0\#ChannelRegularConversion,master,Channel-0\#ChannelRegularConversion,SamplingTime-0\#ChannelRegularConversion,NbrOfConversionFlag,NbrOfConversion
ADC1.NbrOfConversion=1
ADC1.NbrOfConversionFlag=1
ADC1.Rank-0\#ChannelRegularConversion=1
ADC1.SamplingTime-0\#ChannelRegularConversion=ADC_SAMPLETIME_3CYCLES
ADC1.master=1
FREERTOS.FootprintOK=true
FREERTOS.IPParameters=Tasks01,configENABLE_FPU,configUSE_PREEMPTION,FootprintOK,configTICK_RATE_HZ,configIDLE_SHOULD_YIELD,configLIBRARY_MAX_SYSCALL_INTERRUPT_PRIORITY
FREERTOS.Tasks01=defaultTask,24,128,StartDefaultTask,Default,NULL,Dynamic,NULL,NULL;SysStatusTask,24,256,SysStatusTask_Func,As weak,NULL,Dynamic,NULL,NULL;NordicComTask,8,256,NordicTask,Default,NULL,Dynamic,NULL,NULL;LittleVGLTask,40,2048,LittleVGLTaskFunc,Default,NULL,Dynamic,NULL,NULL;KeyGetTask,40,128,KeyGetTaskFunc,Default,NULL,Dynamic,NULL,NULL;MPU6050Test,8,256,MPU6050TestFunc,Default,NULL,Dynamic,NULL,NULL
FREERTOS.configENABLE_FPU=1
FREERTOS.configIDLE_SHOULD_YIELD=1
FREERTOS.configLIBRARY_MAX_SYSCALL_INTERRUPT_PRIORITY=5
FREERTOS.configTICK_RATE_HZ=250
FREERTOS.configUSE_PREEMPTION=0
FSMC.AddressSetupTime1=0
FSMC.BusTurnAroundDuration1=2
FSMC.DataSetupTime1=2
FSMC.ExtendedMode1=FSMC_EXTENDED_MODE_DISABLE
FSMC.IPParameters=ExtendedMode1,DataSetupTime1,AddressSetupTime1,BusTurnAroundDuration1
File.Version=6
GPIO.groupedBy=Group By Peripherals
I2C1.ClockSpeed=100000
I2C1.I2C_Mode=I2C_Standard
I2C1.IPParameters=ClockSpeed,I2C_Mode,NoStretchMode
I2C1.NoStretchMode=I2C_NOSTRETCH_DISABLE
KeepUserPlacement=false
Mcu.Family=STM32F4
Mcu.IP0=ADC1
Mcu.IP1=FREERTOS
Mcu.IP2=FSMC
Mcu.IP3=I2C1
Mcu.IP4=NVIC
Mcu.IP5=RCC
Mcu.IP6=SYS
Mcu.IP7=TIM4
Mcu.IP8=USART1
Mcu.IP9=USART3
Mcu.IPNb=10
Mcu.Name=STM32F412R(E-G)Tx
Mcu.Package=LQFP64
Mcu.Pin0=PC14-OSC32_IN
Mcu.Pin1=PC15-OSC32_OUT
Mcu.Pin10=PA4
Mcu.Pin11=PA5
Mcu.Pin12=PC4
Mcu.Pin13=PC5
Mcu.Pin14=PB14
Mcu.Pin15=PB15
Mcu.Pin16=PC6
Mcu.Pin17=PC7
Mcu.Pin18=PC8
Mcu.Pin19=PC9
Mcu.Pin2=PH0 - OSC_IN
Mcu.Pin20=PA9
Mcu.Pin21=PA10
Mcu.Pin22=PA13
Mcu.Pin23=PA14
Mcu.Pin24=PC10
Mcu.Pin25=PC11
Mcu.Pin26=PC12
Mcu.Pin27=PB6
Mcu.Pin28=PB7
Mcu.Pin29=PB8
Mcu.Pin3=PH1 - OSC_OUT
Mcu.Pin30=PB9
Mcu.Pin31=VP_FREERTOS_VS_CMSIS_V2
Mcu.Pin32=VP_SYS_VS_tim1
Mcu.Pin4=PC0
Mcu.Pin5=PC2
Mcu.Pin6=PC3
Mcu.Pin7=PA0
Mcu.Pin8=PA2
Mcu.Pin9=PA3
Mcu.PinsNb=33
Mcu.ThirdPartyNb=0
Mcu.UserConstants=
Mcu.UserName=STM32F412RETx
MxCube.Version=6.4.0
MxDb.Version=DB.6.0.40
NVIC.BusFault_IRQn=true\:0\:0\:false\:false\:true\:false\:false\:false
NVIC.DebugMonitor_IRQn=true\:0\:0\:false\:false\:true\:false\:false\:false
NVIC.EXTI0_IRQn=true\:5\:0\:false\:false\:true\:true\:true\:true
NVIC.EXTI9_5_IRQn=true\:5\:0\:false\:false\:true\:true\:true\:true
NVIC.ForceEnableDMAVector=true
NVIC.HardFault_IRQn=true\:0\:0\:false\:false\:true\:false\:false\:false
NVIC.MemoryManagement_IRQn=true\:0\:0\:false\:false\:true\:false\:false\:false
NVIC.NonMaskableInt_IRQn=true\:0\:0\:false\:false\:true\:false\:false\:false
NVIC.PendSV_IRQn=true\:15\:0\:false\:false\:false\:true\:false\:false
NVIC.PriorityGroup=NVIC_PRIORITYGROUP_4
NVIC.SVCall_IRQn=true\:0\:0\:false\:false\:false\:false\:false\:false
NVIC.SavedPendsvIrqHandlerGenerated=true
NVIC.SavedSvcallIrqHandlerGenerated=true
NVIC.SavedSystickIrqHandlerGenerated=true
NVIC.SysTick_IRQn=true\:15\:0\:false\:false\:false\:true\:false\:true
NVIC.TIM1_UP_TIM10_IRQn=true\:4\:0\:true\:false\:true\:false\:false\:true
NVIC.TimeBase=TIM1_UP_TIM10_IRQn
NVIC.TimeBaseIP=TIM1
NVIC.USART1_IRQn=true\:5\:0\:false\:false\:true\:true\:true\:true
NVIC.UsageFault_IRQn=true\:0\:0\:false\:false\:true\:false\:false\:false
PA0.Locked=true
PA0.Signal=ADCx_IN0
PA10.Locked=true
PA10.Mode=Asynchronous
PA10.Signal=USART1_RX
PA13.Mode=Serial_Wire
PA13.Signal=SYS_JTMS-SWDIO
PA14.Mode=Serial_Wire
PA14.Signal=SYS_JTCK-SWCLK
PA2.Mode=8b-d1
PA2.Signal=FSMC_D4
PA3.Mode=8b-d1
PA3.Signal=FSMC_D5
PA4.Mode=8b-d1
PA4.Signal=FSMC_D6
PA5.Mode=8b-d1
PA5.Signal=FSMC_D7
PA9.Locked=true
PA9.Mode=Asynchronous
PA9.Signal=USART1_TX
PB14.Mode=8b-d1
PB14.Signal=FSMC_D0
PB15.GPIOParameters=GPIO_Label
PB15.GPIO_Label=CH_NT
PB15.Locked=true
PB15.Signal=GPIO_Input
PB6.GPIOParameters=GPIO_Label
PB6.GPIO_Label=LCD_PWM
PB6.Locked=true
PB6.Signal=S_TIM4_CH1
PB7.GPIOParameters=GPIO_Label,GPIO_Pu
PB7.GPIO_Label=MPU_SDA
PB7.GPIO_Pu=GPIO_PULLUP
PB7.Mode=I2C
PB7.Signal=I2C1_SDA
PB8.GPIOParameters=GPIO_Label,GPIO_Pu
PB8.GPIO_Label=MPU_SCL
PB8.GPIO_Pu=GPIO_PULLUP
PB8.Mode=I2C
PB8.Signal=I2C1_SCL
PB9.GPIOParameters=GPIO_Speed,PinState,GPIO_PuPd,GPIO_Label
PB9.GPIO_Label=LCD_RST
PB9.GPIO_PuPd=GPIO_PULLUP
PB9.GPIO_Speed=GPIO_SPEED_FREQ_HIGH
PB9.Locked=true
PB9.PinState=GPIO_PIN_SET
PB9.Signal=GPIO_Output
PC0.GPIOParameters=GPIO_PuPd,GPIO_Label,GPIO_ModeDefaultEXTI
PC0.GPIO_Label=KEY
PC0.GPIO_ModeDefaultEXTI=GPIO_MODE_IT_FALLING
PC0.GPIO_PuPd=GPIO_PULLUP
PC0.Locked=true
PC0.Signal=GPXTI0
PC10.Locked=true
PC10.Mode=Half_duplex(single_wire_mode)
PC10.Signal=USART3_TX
PC11.Mode=8b-d1
PC11.Signal=FSMC_D2
PC12.Mode=8b-d1
PC12.Signal=FSMC_D3
PC14-OSC32_IN.Mode=LSE-External-Oscillator
PC14-OSC32_IN.Signal=RCC_OSC32_IN
PC15-OSC32_OUT.Mode=LSE-External-Oscillator
PC15-OSC32_OUT.Signal=RCC_OSC32_OUT
PC2.GPIOParameters=GPIO_Label
PC2.GPIO_Label=LCD_WR
PC2.Mode=Lcd1
PC2.Signal=FSMC_NWE
PC3.GPIOParameters=GPIO_Label
PC3.GPIO_Label=LCD_RD
PC3.Mode=A0_1
PC3.Signal=FSMC_A0
PC4.GPIOParameters=GPIO_Label
PC4.GPIO_Label=LCD_CS
PC4.Mode=NorPsramChipSelect4_1
PC4.Signal=FSMC_NE4
PC5.GPIOParameters=GPIO_Label
PC5.GPIO_Label=LCD_NOE
PC5.Mode=Lcd1
PC5.Signal=FSMC_NOE
PC6.Mode=8b-d1
PC6.Signal=FSMC_D1
PC7.GPIOParameters=GPIO_PuPd,GPIO_Label
PC7.GPIO_Label=E5E8_B
PC7.GPIO_PuPd=GPIO_PULLUP
PC7.Locked=true
PC7.Signal=GPIO_Input
PC8.GPIOParameters=GPIO_PuPd,GPIO_Label,GPIO_ModeDefaultEXTI
PC8.GPIO_Label=E5E8_A
PC8.GPIO_ModeDefaultEXTI=GPIO_MODE_IT_FALLING
PC8.GPIO_PuPd=GPIO_PULLUP
PC8.Locked=true
PC8.Signal=GPXTI8
PC9.GPIOParameters=GPIO_PuPd,GPIO_Label,GPIO_ModeDefaultEXTI
PC9.GPIO_Label=E5E8_K
PC9.GPIO_ModeDefaultEXTI=GPIO_MODE_IT_FALLING
PC9.GPIO_PuPd=GPIO_PULLUP
PC9.Locked=true
PC9.Signal=GPXTI9
PCC.Battery=MyBattery
PCC.Battery.Capacity=450.0
PCC.Battery.Compatibility=No
PCC.Battery.InParallel=1
PCC.Battery.InSeries=1
PCC.Battery.MaxContinuous=4.2
PCC.Battery.MaxPulseCurrent=0.0
PCC.Battery.NominalVoltage=3.7
PCC.Battery.SelfDischarge=0.0
PCC.Checker=false
PCC.Line=STM32F412
PCC.MCU=STM32F412R(E-G)Tx
PCC.PartNumber=STM32F412RETx
PCC.Seq0=2
PCC.Seq0.Step0.Average_Current=24.7 mA
PCC.Seq0.Step0.CPU_Frequency=100 MHz
PCC.Seq0.Step0.Category=In DS Table
PCC.Seq0.Step0.DMIPS=125.0
PCC.Seq0.Step0.Duration=6.2 ms
PCC.Seq0.Step0.Frequency=4 MHz
PCC.Seq0.Step0.Memory=FLASH/ART/PREFETCH
PCC.Seq0.Step0.Mode=RUN
PCC.Seq0.Step0.Oscillator=HSE PLL
PCC.Seq0.Step0.Peripherals=
PCC.Seq0.Step0.TaMax=100.82
PCC.Seq0.Step0.User's_Consumption=0 mA
PCC.Seq0.Step0.Vcore=Scale1-High
PCC.Seq0.Step0.Vdd=3.6
PCC.Seq0.Step0.Voltage_Source=Battery
PCC.Seq0.Step1.Average_Current=124 \u00B5A
PCC.Seq0.Step1.CPU_Frequency=0 Hz
PCC.Seq0.Step1.Category=In DS Table
PCC.Seq0.Step1.DMIPS=0.0
PCC.Seq0.Step1.Duration=3.8 ms
PCC.Seq0.Step1.Frequency=0 Hz
PCC.Seq0.Step1.Memory=n/a
PCC.Seq0.Step1.Mode=STOP
PCC.Seq0.Step1.Oscillator=Regulator_ON
PCC.Seq0.Step1.Peripherals=
PCC.Seq0.Step1.TaMax=104.98
PCC.Seq0.Step1.User's_Consumption=0 mA
PCC.Seq0.Step1.Vcore=No Scale
PCC.Seq0.Step1.Vdd=3.6
PCC.Seq0.Step1.Voltage_Source=Battery
PCC.Series=STM32F4
PCC.Temperature=25
PCC.Vdd=3.6
PH0\ -\ OSC_IN.Mode=HSE-External-Oscillator
PH0\ -\ OSC_IN.Signal=RCC_OSC_IN
PH1\ -\ OSC_OUT.Mode=HSE-External-Oscillator
PH1\ -\ OSC_OUT.Signal=RCC_OSC_OUT
PinOutPanel.RotationAngle=0
ProjectManager.AskForMigrate=true
ProjectManager.BackupPrevious=false
ProjectManager.CompilerOptimize=6
ProjectManager.ComputerToolchain=false
ProjectManager.CoupleFile=true
ProjectManager.CustomerFirmwarePackage=
ProjectManager.DefaultFWLocation=true
ProjectManager.DeletePrevious=true
ProjectManager.DeviceId=STM32F412RETx
ProjectManager.FirmwarePackage=STM32Cube FW_F4 V1.26.2
ProjectManager.FreePins=false
ProjectManager.HalAssertFull=false
ProjectManager.HeapSize=0x1000
ProjectManager.KeepUserCode=true
ProjectManager.LastFirmware=true
ProjectManager.LibraryCopy=0
ProjectManager.MainLocation=Core/Src
ProjectManager.NoMain=false
ProjectManager.PreviousToolchain=
ProjectManager.ProjectBuild=false
ProjectManager.ProjectFileName=PositioningWatch.ioc
ProjectManager.ProjectName=PositioningWatch
ProjectManager.RegisterCallBack=
ProjectManager.StackSize=0x1000
ProjectManager.TargetToolchain=MDK-ARM V5.32
ProjectManager.ToolChainLocation=
ProjectManager.UnderRoot=false
ProjectManager.functionlistsort=1-MX_GPIO_Init-GPIO-false-HAL-true,2-SystemClock_Config-RCC-false-HAL-false,3-MX_ADC1_Init-ADC1-false-HAL-true,4-MX_USART3_UART_Init-USART3-false-HAL-true,5-MX_USART1_UART_Init-USART1-false-HAL-true,6-MX_FSMC_Init-FSMC-false-HAL-true,7-MX_TIM4_Init-TIM4-false-HAL-true,8-MX_I2C1_Init-I2C1-false-HAL-true
RCC.AHBFreq_Value=100000000
RCC.APB1CLKDivider=RCC_HCLK_DIV2
RCC.APB1Freq_Value=50000000
RCC.APB1TimFreq_Value=100000000
RCC.APB2Freq_Value=100000000
RCC.APB2TimFreq_Value=100000000
RCC.CortexFreq_Value=100000000
RCC.DFSDMAudioFreq_Value=48000000
RCC.DFSDMFreq_Value=100000000
RCC.FCLKCortexFreq_Value=100000000
RCC.FMPI2C1Freq_Value=50000000
RCC.FamilyName=M
RCC.HCLKFreq_Value=100000000
RCC.HSE_VALUE=8000000
RCC.I2S1Freq_Value=48000000
RCC.I2S2Freq_Value=48000000
RCC.IPParameters=AHBFreq_Value,APB1CLKDivider,APB1Freq_Value,APB1TimFreq_Value,APB2Freq_Value,APB2TimFreq_Value,CortexFreq_Value,DFSDMAudioFreq_Value,DFSDMFreq_Value,FCLKCortexFreq_Value,FMPI2C1Freq_Value,FamilyName,HCLKFreq_Value,HSE_VALUE,I2S1Freq_Value,I2S2Freq_Value,MCO2PinFreq_Value,PLLCLKFreq_Value,PLLI2SPCLKFreq_Value,PLLI2SQCLKFreq_Value,PLLI2SQoutputFreq_Value,PLLI2SRCLKFreq_Value,PLLI2SoutputFreq_Value,PLLM,PLLN,PLLQCLKFreq_Value,PLLQoutputFreq_Value,PLLRCLKFreq_Value,PLLRoutputFreq_Value,PLLSourceVirtual,RNGFreq_Value,SDIOFreq_Value,SYSCLKFreq_VALUE,SYSCLKSource,USBFreq_Value,VCOI2SInputFreq_Value,VCOI2SOutputFreq_Value,VCOInputFreq_Value,VCOOutputFreq_Value
RCC.MCO2PinFreq_Value=100000000
RCC.PLLCLKFreq_Value=100000000
RCC.PLLI2SPCLKFreq_Value=48000000
RCC.PLLI2SQCLKFreq_Value=48000000
RCC.PLLI2SQoutputFreq_Value=48000000
RCC.PLLI2SRCLKFreq_Value=48000000
RCC.PLLI2SoutputFreq_Value=48000000
RCC.PLLM=4
RCC.PLLN=100
RCC.PLLQCLKFreq_Value=100000000
RCC.PLLQoutputFreq_Value=100000000
RCC.PLLRCLKFreq_Value=100000000
RCC.PLLRoutputFreq_Value=100000000
RCC.PLLSourceVirtual=RCC_PLLSOURCE_HSE
RCC.RNGFreq_Value=100000000
RCC.SDIOFreq_Value=100000000
RCC.SYSCLKFreq_VALUE=100000000
RCC.SYSCLKSource=RCC_SYSCLKSOURCE_PLLCLK
RCC.USBFreq_Value=100000000
RCC.VCOI2SInputFreq_Value=500000
RCC.VCOI2SOutputFreq_Value=96000000
RCC.VCOInputFreq_Value=2000000
RCC.VCOOutputFreq_Value=200000000
SH.ADCx_IN0.0=ADC1_IN0,IN0
SH.ADCx_IN0.ConfNb=1
SH.GPXTI0.0=GPIO_EXTI0
SH.GPXTI0.ConfNb=1
SH.GPXTI8.0=GPIO_EXTI8
SH.GPXTI8.ConfNb=1
SH.GPXTI9.0=GPIO_EXTI9
SH.GPXTI9.ConfNb=1
SH.S_TIM4_CH1.0=TIM4_CH1,PWM Generation1 CH1
SH.S_TIM4_CH1.ConfNb=1
TIM4.AutoReloadPreload=TIM_AUTORELOAD_PRELOAD_DISABLE
TIM4.Channel-PWM\ Generation1\ CH1=TIM_CHANNEL_1
TIM4.IPParameters=Channel-PWM Generation1 CH1,Prescaler,Period,AutoReloadPreload,OC1Preload_PWM,Pulse-PWM Generation1 CH1
TIM4.OC1Preload_PWM=DISABLE
TIM4.Period=499
TIM4.Prescaler=99
TIM4.Pulse-PWM\ Generation1\ CH1=249
USART1.IPParameters=VirtualMode
USART1.VirtualMode=VM_ASYNC
USART3.BaudRate=115200
USART3.IPParameters=VirtualMode,Mode,BaudRate
USART3.Mode=MODE_TX
USART3.VirtualMode=VM_ASYNC
VP_FREERTOS_VS_CMSIS_V2.Mode=CMSIS_V2
VP_FREERTOS_VS_CMSIS_V2.Signal=FREERTOS_VS_CMSIS_V2
VP_SYS_VS_tim1.Mode=TIM1
VP_SYS_VS_tim1.Signal=SYS_VS_tim1
board=custom
